
Microsoft Visual Studio Solution File, Format Version 12.00
# Visual Studio Version 17
VisualStudioVersion = 17.3.32811.315
MinimumVisualStudioVersion = 10.0.40219.1
Project("{FAE04EC0-301F-11D3-BF4B-00C04F79EFBC}") = "Task 1 05.31.2024", "Task 1 05.31.2024\Task 1 05.31.2024.csproj", "{94445503-B731-4B25-9DAA-CD5354EAE8E7}"
EndProject
Global
	GlobalSection(SolutionConfigurationPlatforms) = preSolution
		Debug|Any CPU = Debug|Any CPU
		Release|Any CPU = Release|Any CPU
	EndGlobalSection
	GlobalSection(ProjectConfigurationPlatforms) = postSolution
		{94445503-B731-4B25-9DAA-CD5354EAE8E7}.Debug|Any CPU.ActiveCfg = Debug|Any CPU
		{94445503-B731-4B25-9DAA-CD5354EAE8E7}.Debug|Any CPU.Build.0 = Debug|Any CPU
		{94445503-B731-4B25-9DAA-CD5354EAE8E7}.Release|Any CPU.ActiveCfg = Release|Any CPU
		{94445503-B731-4B25-9DAA-CD5354EAE8E7}.Release|Any CPU.Build.0 = Release|Any CPU
	EndGlobalSection
	GlobalSection(SolutionProperties) = preSolution
		HideSolutionNode = FALSE
	EndGlobalSection
	GlobalSection(ExtensibilityGlobals) = postSolution
		SolutionGuid = {33AAB366-8553-4DEB-95D0-030B0AD9307A}
	EndGlobalSection
EndGlobal
